{
  "version": 4,
  "terraform_version": "1.15.1",
  "serial": 158,
  "lineage": "356cdd54-6de7-2395-e0d7-640520d33579",
  "outputs": {
    "node_ips": {
      "value": [
        "192.168.122.101",
        "192.168.122.102",
        "192.168.122.103"
      ],
      "type": [
        "tuple",
        [
          "string",
          "string",
          "string"
        ]
      ]
    }
  },
  "resources": [
    {
      "mode": "managed",
      "type": "libvirt_cloudinit_disk",
      "name": "commoninit",
      "provider": "provider[\"registry.terraform.io/dmacvicar/libvirt\"]",
      "instances": [
        {
          "schema_version": 0,
          "attributes": {
            "id": "/var/lib/libvirt/images/commoninit.iso;71a448c2-18c2-4957-a5a9-0d402389ef08",
            "meta_data": "",
            "name": "commoninit.iso",
            "network_config": "",
            "pool": "default",
            "user_data": "#cloud-config\nusers:\n  - name: admin\n    sudo: ALL=(ALL) NOPASSWD:ALL\n    groups: sudo\n    shell: /bin/bash\n    ssh_authorized_keys:\n      - ssh-rsa AAAAB3NzaC1yc2EAAAADAQABAAACAQDhhWdxmEI4IafttsdsP2FYJFJwNa6VDX8CMFI1KZhouT2lL8nLP/Orjm5qEzPSpu6L8EF90RebIdIoxWjrJi/oK4uSS/7odXJNMiyLxgDwjMjQ0NbnCgH126phyJR7bPyRwu9Orp/gqxBpl0RNrLC8g4Ku17GySy4nShVUaMR8DUBLjF1uMv0js4e1BgnHWYLqTav8njB7ARMaGDac+fsc50cjivaga4+YG+KNlET40XozgkikHJaygKZ2+eaIadBQnrHmdyozrl8CXrJdolf1rMP+F5iiTXDzXjFLuu9BtcNEM7RmL8NPz8aY8b+4wCSg8VDZ2hEmduAkCR8TzX7A7gUw7vejXBn9aqoal3qHEJH06GcTlZggUGZT3VIxzFlfRhSFKQOD8uQgJQzSg+BrQ8SrXPstN3Q4hwDUtIkTGKk5Pv6+CZlTqzoF0bvoUmYpqBjXyvDNU1UEuFaN9bih4eUPkeRiq5QL9cSc182liIKWQc3ScASOijiw0gi2G+PBhgKqeBsSsXZMMkzmmlnMAOzoVmZUPumkHLlUnIbvrbQE8d0SQKRpANyTgIkQV3C9dIRLx1WTEByaUYbjxtwE4/g99a6e6D27I3ifkjCyUu+tZnmvvxjwyDwiNp9rZP6hDrsLw1VGlbu24zG9/Y4drPtbb2gMiirHlqKmWY7Acw== juanc@JC\n\ngrowpart:\n  mode: auto\n  devices: ['/']\n"
          },
          "sensitive_attributes": [],
          "identity_schema_version": 0,
          "private": "bnVsbA=="
        }
      ]
    },
    {
      "mode": "managed",
      "type": "libvirt_domain",
      "name": "gluster_node",
      "provider": "provider[\"registry.terraform.io/dmacvicar/libvirt\"]",
      "instances": [
        {
          "index_key": 0,
          "schema_version": 0,
          "attributes": {
            "arch": "x86_64",
            "autostart": false,
            "boot_device": [],
            "cloudinit": "/var/lib/libvirt/images/commoninit.iso;71a448c2-18c2-4957-a5a9-0d402389ef08",
            "cmdline": null,
            "console": [
              {
                "source_host": "127.0.0.1",
                "source_path": "",
                "source_service": "0",
                "target_port": "0",
                "target_type": "serial",
                "type": "pty"
              }
            ],
            "coreos_ignition": null,
            "cpu": [
              {
                "mode": "custom"
              }
            ],
            "description": "",
            "disk": [
              {
                "block_device": "",
                "file": "",
                "scsi": false,
                "url": "",
                "volume_id": "/var/lib/libvirt/images/nodo1-os.qcow2",
                "wwn": ""
              },
              {
                "block_device": "",
                "file": "",
                "scsi": false,
                "url": "",
                "volume_id": "/var/lib/libvirt/images/nodo1-gluster-brick.qcow2",
                "wwn": ""
              }
            ],
            "emulator": "/usr/bin/qemu-system-x86_64",
            "filesystem": [],
            "firmware": null,
            "fw_cfg_name": "opt/com.coreos/config",
            "graphics": [],
            "id": "004b2f31-2179-493b-b39e-17771859564f",
            "initrd": "",
            "kernel": "",
            "machine": "pc",
            "memory": 1024,
            "metadata": null,
            "name": "gluster-nodo1",
            "network_interface": [
              {
                "addresses": [
                  "192.168.122.101"
                ],
                "bridge": "",
                "hostname": "gluster-nodo1",
                "mac": "52:54:00:86:F1:98",
                "macvtap": "",
                "network_id": "a510e043-ac4d-436c-bce0-6cef79dd13d4",
                "network_name": "default",
                "passthrough": "",
                "vepa": "",
                "wait_for_lease": true
              }
            ],
            "nvram": [],
            "qemu_agent": false,
            "running": true,
            "timeouts": null,
            "tpm": [],
            "type": "kvm",
            "vcpu": 1,
            "video": [],
            "xml": []
          },
          "sensitive_attributes": [],
          "identity_schema_version": 0,
          "private": "eyJlMmJmYjczMC1lY2FhLTExZTYtOGY4OC0zNDM2M2JjN2M0YzAiOnsiY3JlYXRlIjozMDAwMDAwMDAwMDB9fQ==",
          "dependencies": [
            "libvirt_cloudinit_disk.commoninit",
            "libvirt_volume.debian_base",
            "libvirt_volume.gluster_disk",
            "libvirt_volume.os_disk"
          ]
        },
        {
          "index_key": 1,
          "schema_version": 0,
          "attributes": {
            "arch": "x86_64",
            "autostart": false,
            "boot_device": [],
            "cloudinit": "/var/lib/libvirt/images/commoninit.iso;71a448c2-18c2-4957-a5a9-0d402389ef08",
            "cmdline": null,
            "console": [
              {
                "source_host": "127.0.0.1",
                "source_path": "",
                "source_service": "0",
                "target_port": "0",
                "target_type": "serial",
                "type": "pty"
              }
            ],
            "coreos_ignition": null,
            "cpu": [
              {
                "mode": "custom"
              }
            ],
            "description": "",
            "disk": [
              {
                "block_device": "",
                "file": "",
                "scsi": false,
                "url": "",
                "volume_id": "/var/lib/libvirt/images/nodo2-os.qcow2",
                "wwn": ""
              },
              {
                "block_device": "",
                "file": "",
                "scsi": false,
                "url": "",
                "volume_id": "/var/lib/libvirt/images/nodo2-gluster-brick.qcow2",
                "wwn": ""
              }
            ],
            "emulator": "/usr/bin/qemu-system-x86_64",
            "filesystem": [],
            "firmware": null,
            "fw_cfg_name": "opt/com.coreos/config",
            "graphics": [],
            "id": "0cbb79e5-6d51-400a-9b7a-2ed56e7692c1",
            "initrd": "",
            "kernel": "",
            "machine": "pc",
            "memory": 1024,
            "metadata": null,
            "name": "gluster-nodo2",
            "network_interface": [
              {
                "addresses": [
                  "192.168.122.102"
                ],
                "bridge": "",
                "hostname": "gluster-nodo2",
                "mac": "52:54:00:1E:59:5D",
                "macvtap": "",
                "network_id": "a510e043-ac4d-436c-bce0-6cef79dd13d4",
                "network_name": "default",
                "passthrough": "",
                "vepa": "",
                "wait_for_lease": true
              }
            ],
            "nvram": [],
            "qemu_agent": false,
            "running": true,
            "timeouts": null,
            "tpm": [],
            "type": "kvm",
            "vcpu": 1,
            "video": [],
            "xml": []
          },
          "sensitive_attributes": [],
          "identity_schema_version": 0,
          "private": "eyJlMmJmYjczMC1lY2FhLTExZTYtOGY4OC0zNDM2M2JjN2M0YzAiOnsiY3JlYXRlIjozMDAwMDAwMDAwMDB9fQ==",
          "dependencies": [
            "libvirt_cloudinit_disk.commoninit",
            "libvirt_volume.debian_base",
            "libvirt_volume.gluster_disk",
            "libvirt_volume.os_disk"
          ]
        },
        {
          "index_key": 2,
          "schema_version": 0,
          "attributes": {
            "arch": "x86_64",
            "autostart": false,
            "boot_device": [],
            "cloudinit": "/var/lib/libvirt/images/commoninit.iso;71a448c2-18c2-4957-a5a9-0d402389ef08",
            "cmdline": null,
            "console": [
              {
                "source_host": "127.0.0.1",
                "source_path": "",
                "source_service": "0",
                "target_port": "0",
                "target_type": "serial",
                "type": "pty"
              }
            ],
            "coreos_ignition": null,
            "cpu": [
              {
                "mode": "custom"
              }
            ],
            "description": "",
            "disk": [
              {
                "block_device": "",
                "file": "",
                "scsi": false,
                "url": "",
                "volume_id": "/var/lib/libvirt/images/nodo3-os.qcow2",
                "wwn": ""
              },
              {
                "block_device": "",
                "file": "",
                "scsi": false,
                "url": "",
                "volume_id": "/var/lib/libvirt/images/nodo3-gluster-brick.qcow2",
                "wwn": ""
              }
            ],
            "emulator": "/usr/bin/qemu-system-x86_64",
            "filesystem": [],
            "firmware": null,
            "fw_cfg_name": "opt/com.coreos/config",
            "graphics": [],
            "id": "dd39bc87-dfc3-49c9-bb2b-929e3025d139",
            "initrd": "",
            "kernel": "",
            "machine": "pc",
            "memory": 1024,
            "metadata": null,
            "name": "gluster-nodo3",
            "network_interface": [
              {
                "addresses": [
                  "192.168.122.103"
                ],
                "bridge": "",
                "hostname": "gluster-nodo3",
                "mac": "52:54:00:46:FD:DC",
                "macvtap": "",
                "network_id": "a510e043-ac4d-436c-bce0-6cef79dd13d4",
                "network_name": "default",
                "passthrough": "",
                "vepa": "",
                "wait_for_lease": true
              }
            ],
            "nvram": [],
            "qemu_agent": false,
            "running": true,
            "timeouts": null,
            "tpm": [],
            "type": "kvm",
            "vcpu": 1,
            "video": [],
            "xml": []
          },
          "sensitive_attributes": [],
          "identity_schema_version": 0,
          "private": "eyJlMmJmYjczMC1lY2FhLTExZTYtOGY4OC0zNDM2M2JjN2M0YzAiOnsiY3JlYXRlIjozMDAwMDAwMDAwMDB9fQ==",
          "dependencies": [
            "libvirt_cloudinit_disk.commoninit",
            "libvirt_volume.debian_base",
            "libvirt_volume.gluster_disk",
            "libvirt_volume.os_disk"
          ]
        }
      ]
    },
    {
      "mode": "managed",
      "type": "libvirt_volume",
      "name": "debian_base",
      "provider": "provider[\"registry.terraform.io/dmacvicar/libvirt\"]",
      "instances": [
        {
          "schema_version": 0,
          "attributes": {
            "base_volume_id": null,
            "base_volume_name": null,
            "base_volume_pool": null,
            "format": "qcow2",
            "id": "/var/lib/libvirt/images/debian12-base.qcow2",
            "name": "debian12-base.qcow2",
            "pool": "default",
            "size": 3221225472,
            "source": "https://cloud.debian.org/images/cloud/bookworm/latest/debian-12-generic-amd64.qcow2",
            "xml": []
          },
          "sensitive_attributes": [],
          "identity_schema_version": 0,
          "private": "bnVsbA=="
        }
      ]
    },
    {
      "mode": "managed",
      "type": "libvirt_volume",
      "name": "gluster_disk",
      "provider": "provider[\"registry.terraform.io/dmacvicar/libvirt\"]",
      "instances": [
        {
          "index_key": 0,
          "schema_version": 0,
          "attributes": {
            "base_volume_id": null,
            "base_volume_name": null,
            "base_volume_pool": null,
            "format": "qcow2",
            "id": "/var/lib/libvirt/images/nodo1-gluster-brick.qcow2",
            "name": "nodo1-gluster-brick.qcow2",
            "pool": "default",
            "size": 5368709120,
            "source": null,
            "xml": []
          },
          "sensitive_attributes": [],
          "identity_schema_version": 0,
          "private": "bnVsbA=="
        },
        {
          "index_key": 1,
          "schema_version": 0,
          "attributes": {
            "base_volume_id": null,
            "base_volume_name": null,
            "base_volume_pool": null,
            "format": "qcow2",
            "id": "/var/lib/libvirt/images/nodo2-gluster-brick.qcow2",
            "name": "nodo2-gluster-brick.qcow2",
            "pool": "default",
            "size": 5368709120,
            "source": null,
            "xml": []
          },
          "sensitive_attributes": [],
          "identity_schema_version": 0,
          "private": "bnVsbA=="
        },
        {
          "index_key": 2,
          "schema_version": 0,
          "attributes": {
            "base_volume_id": null,
            "base_volume_name": null,
            "base_volume_pool": null,
            "format": "qcow2",
            "id": "/var/lib/libvirt/images/nodo3-gluster-brick.qcow2",
            "name": "nodo3-gluster-brick.qcow2",
            "pool": "default",
            "size": 5368709120,
            "source": null,
            "xml": []
          },
          "sensitive_attributes": [],
          "identity_schema_version": 0,
          "private": "bnVsbA=="
        }
      ]
    },
    {
      "mode": "managed",
      "type": "libvirt_volume",
      "name": "os_disk",
      "provider": "provider[\"registry.terraform.io/dmacvicar/libvirt\"]",
      "instances": [
        {
          "index_key": 0,
          "schema_version": 0,
          "attributes": {
            "base_volume_id": "/var/lib/libvirt/images/debian12-base.qcow2",
            "base_volume_name": null,
            "base_volume_pool": null,
            "format": "qcow2",
            "id": "/var/lib/libvirt/images/nodo1-os.qcow2",
            "name": "nodo1-os.qcow2",
            "pool": "default",
            "size": 10737418240,
            "source": null,
            "xml": []
          },
          "sensitive_attributes": [],
          "identity_schema_version": 0,
          "private": "bnVsbA==",
          "dependencies": [
            "libvirt_volume.debian_base"
          ]
        },
        {
          "index_key": 1,
          "schema_version": 0,
          "attributes": {
            "base_volume_id": "/var/lib/libvirt/images/debian12-base.qcow2",
            "base_volume_name": null,
            "base_volume_pool": null,
            "format": "qcow2",
            "id": "/var/lib/libvirt/images/nodo2-os.qcow2",
            "name": "nodo2-os.qcow2",
            "pool": "default",
            "size": 10737418240,
            "source": null,
            "xml": []
          },
          "sensitive_attributes": [],
          "identity_schema_version": 0,
          "private": "bnVsbA==",
          "dependencies": [
            "libvirt_volume.debian_base"
          ]
        },
        {
          "index_key": 2,
          "schema_version": 0,
          "attributes": {
            "base_volume_id": "/var/lib/libvirt/images/debian12-base.qcow2",
            "base_volume_name": null,
            "base_volume_pool": null,
            "format": "qcow2",
            "id": "/var/lib/libvirt/images/nodo3-os.qcow2",
            "name": "nodo3-os.qcow2",
            "pool": "default",
            "size": 10737418240,
            "source": null,
            "xml": []
          },
          "sensitive_attributes": [],
          "identity_schema_version": 0,
          "private": "bnVsbA==",
          "dependencies": [
            "libvirt_volume.debian_base"
          ]
        }
      ]
    }
  ],
  "check_results": null
}
